
Microsoft Visual Studio Solution File, Format Version 12.00
# Visual Studio 15
VisualStudioVersion = 15.0.26730.16
MinimumVisualStudioVersion = 10.0.40219.1
Project("{2150E333-8FDC-42A3-9474-1A3956D46DE8}") = "src", "src", "{D8E09613-53FB-4D26-87B4-4C2BD10BC7CA}"
EndProject
Project("{2150E333-8FDC-42A3-9474-1A3956D46DE8}") = "test", "test", "{726CCB08-5D58-41D5-B737-29BCD8ADB647}"
EndProject
Project("{2150E333-8FDC-42A3-9474-1A3956D46DE8}") = "Solution Items", "Solution Items", "{DAEA2304-685F-4D6D-9A6B-F4FF1977CBDD}"
	ProjectSection(SolutionItems) = preProject
		.gitignore = .gitignore
		LICENSE = LICENSE
		README.md = README.md
	EndProjectSection
EndProject
Project("{9A19103F-16F7-4668-BE54-9A1E7A4F7556}") = "BinarySliceFileReader", "src\BinarySliceFileReader\BinarySliceFileReader.csproj", "{45B4758C-1EA3-4502-A1DD-49B1A8236F2C}"
EndProject
Global
	GlobalSection(SolutionConfigurationPlatforms) = preSolution
		Debug|Any CPU = Debug|Any CPU
		Release|Any CPU = Release|Any CPU
	EndGlobalSection
	GlobalSection(ProjectConfigurationPlatforms) = postSolution
		{45B4758C-1EA3-4502-A1DD-49B1A8236F2C}.Debug|Any CPU.ActiveCfg = Debug|Any CPU
		{45B4758C-1EA3-4502-A1DD-49B1A8236F2C}.Debug|Any CPU.Build.0 = Debug|Any CPU
		{45B4758C-1EA3-4502-A1DD-49B1A8236F2C}.Release|Any CPU.ActiveCfg = Release|Any CPU
		{45B4758C-1EA3-4502-A1DD-49B1A8236F2C}.Release|Any CPU.Build.0 = Release|Any CPU
	EndGlobalSection
	GlobalSection(SolutionProperties) = preSolution
		HideSolutionNode = FALSE
	EndGlobalSection
	GlobalSection(NestedProjects) = preSolution
		{45B4758C-1EA3-4502-A1DD-49B1A8236F2C} = {D8E09613-53FB-4D26-87B4-4C2BD10BC7CA}
	EndGlobalSection
	GlobalSection(ExtensibilityGlobals) = postSolution
		SolutionGuid = {E99851A7-477B-4A3F-B555-19C610458CAF}
	EndGlobalSection
EndGlobal
